
Microsoft Visual Studio Solution File, Format Version 12.00
# Visual Studio Version 16
VisualStudioVersion = 16.0.29503.13
MinimumVisualStudioVersion = 10.0.40219.1
Project("{9A19103F-16F7-4668-BE54-9A1E7A4F7556}") = "CodeFestLUISBot", "CodeFestLUISBot\CodeFestLUISBot.csproj", "{94801FA1-58F1-4C91-8F49-7F9F48AA1065}"
EndProject
Global
	GlobalSection(SolutionConfigurationPlatforms) = preSolution
		Debug|Any CPU = Debug|Any CPU
		Release|Any CPU = Release|Any CPU
	EndGlobalSection
	GlobalSection(ProjectConfigurationPlatforms) = postSolution
		{94801FA1-58F1-4C91-8F49-7F9F48AA1065}.Debug|Any CPU.ActiveCfg = Debug|Any CPU
		{94801FA1-58F1-4C91-8F49-7F9F48AA1065}.Debug|Any CPU.Build.0 = Debug|Any CPU
		{94801FA1-58F1-4C91-8F49-7F9F48AA1065}.Release|Any CPU.ActiveCfg = Release|Any CPU
		{94801FA1-58F1-4C91-8F49-7F9F48AA1065}.Release|Any CPU.Build.0 = Release|Any CPU
	EndGlobalSection
	GlobalSection(SolutionProperties) = preSolution
		HideSolutionNode = FALSE
	EndGlobalSection
	GlobalSection(ExtensibilityGlobals) = postSolution
		SolutionGuid = {8EDE4BF3-115A-4CBF-9FC5-2BC3CFDC3D94}
	EndGlobalSection
EndGlobal
